
Microsoft Visual Studio Solution File, Format Version 12.00
# Visual Studio Version 17
VisualStudioVersion = 17.0.31903.59
MinimumVisualStudioVersion = 10.0.40219.1
Project("{FAE04EC0-301F-11D3-BF4B-00C04F79EFBC}") = "PasswordValidatorLib", "PasswordValidatorLib\PasswordValidatorLib.csproj", "{BC0205DE-874B-4E0F-A0EC-121378B4F97C}"
EndProject
Project("{FAE04EC0-301F-11D3-BF4B-00C04F79EFBC}") = "PasswordValidatorApp", "PasswordValidatorApp\PasswordValidatorApp.csproj", "{0B2D6EA1-2CC6-46FE-83F2-C7E7133E3D56}"
EndProject
Project("{FAE04EC0-301F-11D3-BF4B-00C04F79EFBC}") = "PasswordValidatorTests", "PasswordValidatorTests\PasswordValidatorTests.csproj", "{A5C2867F-B5F8-49CE-99C5-FD696BFD7E08}"
EndProject
Global
	GlobalSection(SolutionConfigurationPlatforms) = preSolution
		Debug|Any CPU = Debug|Any CPU
		Release|Any CPU = Release|Any CPU
	EndGlobalSection
	GlobalSection(SolutionProperties) = preSolution
		HideSolutionNode = FALSE
	EndGlobalSection
	GlobalSection(ProjectConfigurationPlatforms) = postSolution
		{BC0205DE-874B-4E0F-A0EC-121378B4F97C}.Debug|Any CPU.ActiveCfg = Debug|Any CPU
		{BC0205DE-874B-4E0F-A0EC-121378B4F97C}.Debug|Any CPU.Build.0 = Debug|Any CPU
		{BC0205DE-874B-4E0F-A0EC-121378B4F97C}.Release|Any CPU.ActiveCfg = Release|Any CPU
		{BC0205DE-874B-4E0F-A0EC-121378B4F97C}.Release|Any CPU.Build.0 = Release|Any CPU
		{0B2D6EA1-2CC6-46FE-83F2-C7E7133E3D56}.Debug|Any CPU.ActiveCfg = Debug|Any CPU
		{0B2D6EA1-2CC6-46FE-83F2-C7E7133E3D56}.Debug|Any CPU.Build.0 = Debug|Any CPU
		{0B2D6EA1-2CC6-46FE-83F2-C7E7133E3D56}.Release|Any CPU.ActiveCfg = Release|Any CPU
		{0B2D6EA1-2CC6-46FE-83F2-C7E7133E3D56}.Release|Any CPU.Build.0 = Release|Any CPU
		{A5C2867F-B5F8-49CE-99C5-FD696BFD7E08}.Debug|Any CPU.ActiveCfg = Debug|Any CPU
		{A5C2867F-B5F8-49CE-99C5-FD696BFD7E08}.Debug|Any CPU.Build.0 = Debug|Any CPU
		{A5C2867F-B5F8-49CE-99C5-FD696BFD7E08}.Release|Any CPU.ActiveCfg = Release|Any CPU
		{A5C2867F-B5F8-49CE-99C5-FD696BFD7E08}.Release|Any CPU.Build.0 = Release|Any CPU
	EndGlobalSection
EndGlobal
